// !$*UTF8*$!
{
	archiveVersion = 1;
	classes = {
	};
	objectVersion = 46;
	objects = {

/* Begin PBXBuildFile section */
		8532A9D81CA82AE900019E22 /* Mantle.framework in Frameworks */ = {isa = PBXBuildFile; fileRef = 857966841CA8298600DB3AAB /* Mantle.framework */; };
		853B89641C9DC31300417DC5 /* MGRFolderCell.m in Sources */ = {isa = PBXBuildFile; fileRef = 853B89631C9DC31300417DC5 /* MGRFolderCell.m */; };
		853B89671C9DC32300417DC5 /* MGRPhotoCell.m in Sources */ = {isa = PBXBuildFile; fileRef = 853B89661C9DC32300417DC5 /* MGRPhotoCell.m */; };
		853B896A1C9EA69E00417DC5 /* MGRMetadataViewController.m in Sources */ = {isa = PBXBuildFile; fileRef = 853B89691C9EA69E00417DC5 /* MGRMetadataViewController.m */; };
		857965C91CA6C3E100DB3AAB /* MGRDropboxClient.m in Sources */ = {isa = PBXBuildFile; fileRef = 857965C81CA6C3E100DB3AAB /* MGRDropboxClient.m */; };
		857965CD1CA6DE5D00DB3AAB /* GTMOAuth2Authentication.m in Sources */ = {isa = PBXBuildFile; fileRef = 857965CC1CA6DE5D00DB3AAB /* GTMOAuth2Authentication.m */; settings = {COMPILER_FLAGS = "-fno-objc-arc"; }; };
		857965D21CA6E03500DB3AAB /* GTMSessionFetcher.m in Sources */ = {isa = PBXBuildFile; fileRef = 857965D11CA6E03500DB3AAB /* GTMSessionFetcher.m */; };
		857965D71CA6E5EF00DB3AAB /* GTMOAuth2ViewControllerTouch.m in Sources */ = {isa = PBXBuildFile; fileRef = 857965D51CA6E5EF00DB3AAB /* GTMOAuth2ViewControllerTouch.m */; settings = {COMPILER_FLAGS = "-fno-objc-arc"; }; };
		857965D81CA6E5EF00DB3AAB /* GTMOAuth2ViewTouch.xib in Resources */ = {isa = PBXBuildFile; fileRef = 857965D61CA6E5EF00DB3AAB /* GTMOAuth2ViewTouch.xib */; };
		857965DB1CA6E60700DB3AAB /* GTMOAuth2SignIn.m in Sources */ = {isa = PBXBuildFile; fileRef = 857965DA1CA6E60700DB3AAB /* GTMOAuth2SignIn.m */; settings = {COMPILER_FLAGS = "-fno-objc-arc"; }; };
		857965DE1CA6EDD100DB3AAB /* MGRDropboxSession.m in Sources */ = {isa = PBXBuildFile; fileRef = 857965DD1CA6EDD100DB3AAB /* MGRDropboxSession.m */; };
		857966221CA7C8E300DB3AAB /* MGRLoginNavigationControllerDelegate.m in Sources */ = {isa = PBXBuildFile; fileRef = 857966211CA7C8E300DB3AAB /* MGRLoginNavigationControllerDelegate.m */; };
		857966611CA8184A00DB3AAB /* MGRFileMetadata.m in Sources */ = {isa = PBXBuildFile; fileRef = 857966601CA8184A00DB3AAB /* MGRFileMetadata.m */; };
		857966641CA8192100DB3AAB /* MGRMediaMetadata.m in Sources */ = {isa = PBXBuildFile; fileRef = 857966631CA8192100DB3AAB /* MGRMediaMetadata.m */; };
		857966671CA8195300DB3AAB /* MGRPhotoMetadata.m in Sources */ = {isa = PBXBuildFile; fileRef = 857966661CA8195300DB3AAB /* MGRPhotoMetadata.m */; };
		8579666A1CA8197300DB3AAB /* MGRDimensions.m in Sources */ = {isa = PBXBuildFile; fileRef = 857966691CA8197300DB3AAB /* MGRDimensions.m */; };
		8579666D1CA819E000DB3AAB /* MGRGPSCoordinates.m in Sources */ = {isa = PBXBuildFile; fileRef = 8579666C1CA819E000DB3AAB /* MGRGPSCoordinates.m */; };
		857966701CA8205A00DB3AAB /* MGRDropboxParserUtilities.m in Sources */ = {isa = PBXBuildFile; fileRef = 8579666F1CA8205A00DB3AAB /* MGRDropboxParserUtilities.m */; };
		857966731CA821D900DB3AAB /* MGRFolderMetadata.m in Sources */ = {isa = PBXBuildFile; fileRef = 857966721CA821D900DB3AAB /* MGRFolderMetadata.m */; };
		857966761CA822A900DB3AAB /* MGRMetadata.m in Sources */ = {isa = PBXBuildFile; fileRef = 857966751CA822A900DB3AAB /* MGRMetadata.m */; };
		E3298BA41C8C2A5800D337FB /* EXTADT.m in Sources */ = {isa = PBXBuildFile; fileRef = E3298B8D1C8C2A5800D337FB /* EXTADT.m */; };
		E3298BA51C8C2A5800D337FB /* EXTConcreteProtocol.m in Sources */ = {isa = PBXBuildFile; fileRef = E3298B8F1C8C2A5800D337FB /* EXTConcreteProtocol.m */; };
		E3298BA61C8C2A5800D337FB /* EXTNil.m in Sources */ = {isa = PBXBuildFile; fileRef = E3298B931C8C2A5800D337FB /* EXTNil.m */; };
		E3298BA71C8C2A5800D337FB /* EXTRuntimeExtensions.m in Sources */ = {isa = PBXBuildFile; fileRef = E3298B971C8C2A5800D337FB /* EXTRuntimeExtensions.m */; };
		E3298BA81C8C2A5800D337FB /* EXTSafeCategory.m in Sources */ = {isa = PBXBuildFile; fileRef = E3298B991C8C2A5800D337FB /* EXTSafeCategory.m */; };
		E3298BA91C8C2A5800D337FB /* EXTScope.m in Sources */ = {isa = PBXBuildFile; fileRef = E3298B9B1C8C2A5800D337FB /* EXTScope.m */; };
		E3298BAA1C8C2A5800D337FB /* EXTSelectorChecking.m in Sources */ = {isa = PBXBuildFile; fileRef = E3298B9D1C8C2A5800D337FB /* EXTSelectorChecking.m */; };
		E3298BAB1C8C2A5800D337FB /* NSInvocation+EXT.m in Sources */ = {isa = PBXBuildFile; fileRef = E3298BA11C8C2A5800D337FB /* NSInvocation+EXT.m */; };
		E3298BAC1C8C2A5800D337FB /* NSMethodSignature+EXT.m in Sources */ = {isa = PBXBuildFile; fileRef = E3298BA31C8C2A5800D337FB /* NSMethodSignature+EXT.m */; };
		E3298BAF1C8C3B8900D337FB /* MGRNodesManager.m in Sources */ = {isa = PBXBuildFile; fileRef = E3298BAE1C8C3B8900D337FB /* MGRNodesManager.m */; };
		E3298BB01C8C3D2A00D337FB /* list_folder.json in Resources */ = {isa = PBXBuildFile; fileRef = E3CD95C41C8232BB00A01D79 /* list_folder.json */; };
		E3298BEA1C8DC9F400D337FB /* BinarySearchFinder.m in Sources */ = {isa = PBXBuildFile; fileRef = E3298BB71C8C76A500D337FB /* BinarySearchFinder.m */; };
		E3298BEB1C8DC9F400D337FB /* DynamicMethodObject.m in Sources */ = {isa = PBXBuildFile; fileRef = E3298BCF1C8D704800D337FB /* DynamicMethodObject.m */; };
		E3298BEC1C8DC9F400D337FB /* ForwardingObject.m in Sources */ = {isa = PBXBuildFile; fileRef = E3298BD41C8D7B9E00D337FB /* ForwardingObject.m */; };
		E3298BED1C8DC9F400D337FB /* MGRBlocksPlaygroundTests.m in Sources */ = {isa = PBXBuildFile; fileRef = E3298B881C8C142500D337FB /* MGRBlocksPlaygroundTests.m */; };
		E3298BEE1C8DC9F400D337FB /* MGRMemoryPlaygroundTests.m in Sources */ = {isa = PBXBuildFile; fileRef = E3298BB11C8C593100D337FB /* MGRMemoryPlaygroundTests.m */; };
		E3298BEF1C8DC9F400D337FB /* MGRMessagePassingPlaygroundTests.m in Sources */ = {isa = PBXBuildFile; fileRef = E3298BD11C8D720A00D337FB /* MGRMessagePassingPlaygroundTests.m */; };
		E3298BF01C8DC9F400D337FB /* NSString+StringIdentifier.m in Sources */ = {isa = PBXBuildFile; fileRef = E3298BD71C8D812400D337FB /* NSString+StringIdentifier.m */; };
		E3298BF21C8DCA0100D337FB /* large-picture.jpg in Resources */ = {isa = PBXBuildFile; fileRef = E3298BB31C8C62CA00D337FB /* large-picture.jpg */; };
		E3298BF31C8DCA0A00D337FB /* list_folder.json in Resources */ = {isa = PBXBuildFile; fileRef = E3CD95C41C8232BB00A01D79 /* list_folder.json */; };
		E3298BF81C8DCEAB00D337FB /* MGRListViewController.m in Sources */ = {isa = PBXBuildFile; fileRef = E3298BF71C8DCEAB00D337FB /* MGRListViewController.m */; };
		E3298BFB1C8DCF0100D337FB /* MGRSinglePhotoViewController.m in Sources */ = {isa = PBXBuildFile; fileRef = E3298BFA1C8DCF0100D337FB /* MGRSinglePhotoViewController.m */; };
		E3298BFE1C8DCF1000D337FB /* MGRAboutViewController.m in Sources */ = {isa = PBXBuildFile; fileRef = E3298BFD1C8DCF1000D337FB /* MGRAboutViewController.m */; };
		E3CD95851C82294D00A01D79 /* main.m in Sources */ = {isa = PBXBuildFile; fileRef = E3CD95841C82294D00A01D79 /* main.m */; };
		E3CD95881C82294D00A01D79 /* AppDelegate.m in Sources */ = {isa = PBXBuildFile; fileRef = E3CD95871C82294D00A01D79 /* AppDelegate.m */; };
		E3CD958B1C82294D00A01D79 /* MGRLoginViewController.m in Sources */ = {isa = PBXBuildFile; fileRef = E3CD958A1C82294D00A01D79 /* MGRLoginViewController.m */; };
		E3CD958E1C82294D00A01D79 /* Main.storyboard in Resources */ = {isa = PBXBuildFile; fileRef = E3CD958C1C82294D00A01D79 /* Main.storyboard */; };
		E3CD95901C82294D00A01D79 /* Assets.xcassets in Resources */ = {isa = PBXBuildFile; fileRef = E3CD958F1C82294D00A01D79 /* Assets.xcassets */; };
		E3CD95931C82294D00A01D79 /* LaunchScreen.storyboard in Resources */ = {isa = PBXBuildFile; fileRef = E3CD95911C82294D00A01D79 /* LaunchScreen.storyboard */; };
		E3CD95A91C82294D00A01D79 /* MerryGoRoundUITests.m in Sources */ = {isa = PBXBuildFile; fileRef = E3CD95A81C82294D00A01D79 /* MerryGoRoundUITests.m */; };
		E3CD95C51C8232BB00A01D79 /* list_folder.json in Resources */ = {isa = PBXBuildFile; fileRef = E3CD95C41C8232BB00A01D79 /* list_folder.json */; };
		E3CD95C71C8232E200A01D79 /* MGRNodeTests.m in Sources */ = {isa = PBXBuildFile; fileRef = E3CD95C61C8232E200A01D79 /* MGRNodeTests.m */; };
		E3CD95CA1C82E7AA00A01D79 /* MGRDropboxParser.m in Sources */ = {isa = PBXBuildFile; fileRef = E3CD95C91C82E7AA00A01D79 /* MGRDropboxParser.m */; };
		E3CD95D21C83025700A01D79 /* MGRDropboxParserTests.m in Sources */ = {isa = PBXBuildFile; fileRef = E3CD95D11C83025700A01D79 /* MGRDropboxParserTests.m */; };
		E3CD95D41C8308B600A01D79 /* list_folder2.json in Resources */ = {isa = PBXBuildFile; fileRef = E3CD95D31C8308B600A01D79 /* list_folder2.json */; };
/* End PBXBuildFile section */

/* Begin PBXContainerItemProxy section */
		8579667F1CA8298600DB3AAB /* PBXContainerItemProxy */ = {
			isa = PBXContainerItemProxy;
			containerPortal = 857966781CA8298600DB3AAB /* Mantle.xcodeproj */;
			proxyType = 2;
			remoteGlobalIDString = D042FC3C15F72B23004E8054;
			remoteInfo = "Mantle-Mac";
		};
		857966811CA8298600DB3AAB /* PBXContainerItemProxy */ = {
			isa = PBXContainerItemProxy;
			containerPortal = 857966781CA8298600DB3AAB /* Mantle.xcodeproj */;
			proxyType = 2;
			remoteGlobalIDString = D042FC5415F72B23004E8054;
			remoteInfo = "Mantle-MacTests";
		};
		857966831CA8298600DB3AAB /* PBXContainerItemProxy */ = {
			isa = PBXContainerItemProxy;
			containerPortal = 857966781CA8298600DB3AAB /* Mantle.xcodeproj */;
			proxyType = 2;
			remoteGlobalIDString = D0E9C35719F6DB38000D427D;
			remoteInfo = "Mantle-iOS";
		};
		857966851CA8298600DB3AAB /* PBXContainerItemProxy */ = {
			isa = PBXContainerItemProxy;
			containerPortal = 857966781CA8298600DB3AAB /* Mantle.xcodeproj */;
			proxyType = 2;
			remoteGlobalIDString = D0E9C36119F6DB38000D427D;
			remoteInfo = "Mantle-iOSTests";
		};
		E3298BE51C8DC89400D337FB /* PBXContainerItemProxy */ = {
			isa = PBXContainerItemProxy;
			containerPortal = E3CD95781C82294C00A01D79 /* Project object */;
			proxyType = 1;
			remoteGlobalIDString = E3CD957F1C82294C00A01D79;
			remoteInfo = MerryGoRound;
		};
		E3CD959A1C82294D00A01D79 /* PBXContainerItemProxy */ = {
			isa = PBXContainerItemProxy;
			containerPortal = E3CD95781C82294C00A01D79 /* Project object */;
			proxyType = 1;
			remoteGlobalIDString = E3CD957F1C82294C00A01D79;
			remoteInfo = MerryGoRound;
		};
		E3CD95A51C82294D00A01D79 /* PBXContainerItemProxy */ = {
			isa = PBXContainerItemProxy;
			containerPortal = E3CD95781C82294C00A01D79 /* Project object */;
			proxyType = 1;
			remoteGlobalIDString = E3CD957F1C82294C00A01D79;
			remoteInfo = MerryGoRound;
		};
/* End PBXContainerItemProxy section */

/* Begin PBXFileReference section */
		853B89621C9DC31300417DC5 /* MGRFolderCell.h */ = {isa = PBXFileReference; fileEncoding = 4; lastKnownFileType = sourcecode.c.h; path = MGRFolderCell.h; sourceTree = "<group>"; };
		853B89631C9DC31300417DC5 /* MGRFolderCell.m */ = {isa = PBXFileReference; fileEncoding = 4; lastKnownFileType = sourcecode.c.objc; path = MGRFolderCell.m; sourceTree = "<group>"; };
		853B89651C9DC32300417DC5 /* MGRPhotoCell.h */ = {isa = PBXFileReference; fileEncoding = 4; lastKnownFileType = sourcecode.c.h; path = MGRPhotoCell.h; sourceTree = "<group>"; };
		853B89661C9DC32300417DC5 /* MGRPhotoCell.m */ = {isa = PBXFileReference; fileEncoding = 4; lastKnownFileType = sourcecode.c.objc; path = MGRPhotoCell.m; sourceTree = "<group>"; };
		853B89681C9EA69E00417DC5 /* MGRMetadataViewController.h */ = {isa = PBXFileReference; fileEncoding = 4; lastKnownFileType = sourcecode.c.h; path = MGRMetadataViewController.h; sourceTree = "<group>"; };
		853B89691C9EA69E00417DC5 /* MGRMetadataViewController.m */ = {isa = PBXFileReference; fileEncoding = 4; lastKnownFileType = sourcecode.c.objc; path = MGRMetadataViewController.m; sourceTree = "<group>"; };
		857965C71CA6C3E100DB3AAB /* MGRDropboxClient.h */ = {isa = PBXFileReference; fileEncoding = 4; lastKnownFileType = sourcecode.c.h; path = MGRDropboxClient.h; sourceTree = "<group>"; };
		857965C81CA6C3E100DB3AAB /* MGRDropboxClient.m */ = {isa = PBXFileReference; fileEncoding = 4; lastKnownFileType = sourcecode.c.objc; path = MGRDropboxClient.m; sourceTree = "<group>"; };
		857965CB1CA6DE5D00DB3AAB /* GTMOAuth2Authentication.h */ = {isa = PBXFileReference; fileEncoding = 4; lastKnownFileType = sourcecode.c.h; path = GTMOAuth2Authentication.h; sourceTree = "<group>"; };
		857965CC1CA6DE5D00DB3AAB /* GTMOAuth2Authentication.m */ = {isa = PBXFileReference; fileEncoding = 4; lastKnownFileType = sourcecode.c.objc; path = GTMOAuth2Authentication.m; sourceTree = "<group>"; };
		857965D01CA6E03500DB3AAB /* GTMSessionFetcher.h */ = {isa = PBXFileReference; fileEncoding = 4; lastKnownFileType = sourcecode.c.h; path = GTMSessionFetcher.h; sourceTree = "<group>"; };
		857965D11CA6E03500DB3AAB /* GTMSessionFetcher.m */ = {isa = PBXFileReference; fileEncoding = 4; lastKnownFileType = sourcecode.c.objc; path = GTMSessionFetcher.m; sourceTree = "<group>"; };
		857965D41CA6E5EF00DB3AAB /* GTMOAuth2ViewControllerTouch.h */ = {isa = PBXFileReference; fileEncoding = 4; lastKnownFileType = sourcecode.c.h; path = GTMOAuth2ViewControllerTouch.h; sourceTree = "<group>"; };
		857965D51CA6E5EF00DB3AAB /* GTMOAuth2ViewControllerTouch.m */ = {isa = PBXFileReference; fileEncoding = 4; lastKnownFileType = sourcecode.c.objc; path = GTMOAuth2ViewControllerTouch.m; sourceTree = "<group>"; };
		857965D61CA6E5EF00DB3AAB /* GTMOAuth2ViewTouch.xib */ = {isa = PBXFileReference; fileEncoding = 4; lastKnownFileType = file.xib; path = GTMOAuth2ViewTouch.xib; sourceTree = "<group>"; };
		857965D91CA6E60700DB3AAB /* GTMOAuth2SignIn.h */ = {isa = PBXFileReference; fileEncoding = 4; lastKnownFileType = sourcecode.c.h; path = GTMOAuth2SignIn.h; sourceTree = "<group>"; };
		857965DA1CA6E60700DB3AAB /* GTMOAuth2SignIn.m */ = {isa = PBXFileReference; fileEncoding = 4; lastKnownFileType = sourcecode.c.objc; path = GTMOAuth2SignIn.m; sourceTree = "<group>"; };
		857965DC1CA6EDD100DB3AAB /* MGRDropboxSession.h */ = {isa = PBXFileReference; fileEncoding = 4; lastKnownFileType = sourcecode.c.h; path = MGRDropboxSession.h; sourceTree = "<group>"; };
		857965DD1CA6EDD100DB3AAB /* MGRDropboxSession.m */ = {isa = PBXFileReference; fileEncoding = 4; lastKnownFileType = sourcecode.c.objc; path = MGRDropboxSession.m; sourceTree = "<group>"; };
		857966201CA7C8E300DB3AAB /* MGRLoginNavigationControllerDelegate.h */ = {isa = PBXFileReference; fileEncoding = 4; lastKnownFileType = sourcecode.c.h; path = MGRLoginNavigationControllerDelegate.h; sourceTree = "<group>"; };
		857966211CA7C8E300DB3AAB /* MGRLoginNavigationControllerDelegate.m */ = {isa = PBXFileReference; fileEncoding = 4; lastKnownFileType = sourcecode.c.objc; path = MGRLoginNavigationControllerDelegate.m; sourceTree = "<group>"; };
		8579665F1CA8184A00DB3AAB /* MGRFileMetadata.h */ = {isa = PBXFileReference; fileEncoding = 4; lastKnownFileType = sourcecode.c.h; path = MGRFileMetadata.h; sourceTree = "<group>"; };
		857966601CA8184A00DB3AAB /* MGRFileMetadata.m */ = {isa = PBXFileReference; fileEncoding = 4; lastKnownFileType = sourcecode.c.objc; path = MGRFileMetadata.m; sourceTree = "<group>"; };
		857966621CA8192100DB3AAB /* MGRMediaMetadata.h */ = {isa = PBXFileReference; fileEncoding = 4; lastKnownFileType = sourcecode.c.h; path = MGRMediaMetadata.h; sourceTree = "<group>"; };
		857966631CA8192100DB3AAB /* MGRMediaMetadata.m */ = {isa = PBXFileReference; fileEncoding = 4; lastKnownFileType = sourcecode.c.objc; path = MGRMediaMetadata.m; sourceTree = "<group>"; };
		857966651CA8195300DB3AAB /* MGRPhotoMetadata.h */ = {isa = PBXFileReference; fileEncoding = 4; lastKnownFileType = sourcecode.c.h; path = MGRPhotoMetadata.h; sourceTree = "<group>"; };
		857966661CA8195300DB3AAB /* MGRPhotoMetadata.m */ = {isa = PBXFileReference; fileEncoding = 4; lastKnownFileType = sourcecode.c.objc; path = MGRPhotoMetadata.m; sourceTree = "<group>"; };
		857966681CA8197300DB3AAB /* MGRDimensions.h */ = {isa = PBXFileReference; fileEncoding = 4; lastKnownFileType = sourcecode.c.h; path = MGRDimensions.h; sourceTree = "<group>"; };
		857966691CA8197300DB3AAB /* MGRDimensions.m */ = {isa = PBXFileReference; fileEncoding = 4; lastKnownFileType = sourcecode.c.objc; path = MGRDimensions.m; sourceTree = "<group>"; };
		8579666B1CA819E000DB3AAB /* MGRGPSCoordinates.h */ = {isa = PBXFileReference; fileEncoding = 4; lastKnownFileType = sourcecode.c.h; path = MGRGPSCoordinates.h; sourceTree = "<group>"; };
		8579666C1CA819E000DB3AAB /* MGRGPSCoordinates.m */ = {isa = PBXFileReference; fileEncoding = 4; lastKnownFileType = sourcecode.c.objc; path = MGRGPSCoordinates.m; sourceTree = "<group>"; };
		8579666E1CA8205A00DB3AAB /* MGRDropboxParserUtilities.h */ = {isa = PBXFileReference; fileEncoding = 4; lastKnownFileType = sourcecode.c.h; path = MGRDropboxParserUtilities.h; sourceTree = "<group>"; };
		8579666F1CA8205A00DB3AAB /* MGRDropboxParserUtilities.m */ = {isa = PBXFileReference; fileEncoding = 4; lastKnownFileType = sourcecode.c.objc; path = MGRDropboxParserUtilities.m; sourceTree = "<group>"; };
		857966711CA821D900DB3AAB /* MGRFolderMetadata.h */ = {isa = PBXFileReference; fileEncoding = 4; lastKnownFileType = sourcecode.c.h; path = MGRFolderMetadata.h; sourceTree = "<group>"; };
		857966721CA821D900DB3AAB /* MGRFolderMetadata.m */ = {isa = PBXFileReference; fileEncoding = 4; lastKnownFileType = sourcecode.c.objc; path = MGRFolderMetadata.m; sourceTree = "<group>"; };
		857966741CA822A900DB3AAB /* MGRMetadata.h */ = {isa = PBXFileReference; fileEncoding = 4; lastKnownFileType = sourcecode.c.h; path = MGRMetadata.h; sourceTree = "<group>"; };
		857966751CA822A900DB3AAB /* MGRMetadata.m */ = {isa = PBXFileReference; fileEncoding = 4; lastKnownFileType = sourcecode.c.objc; path = MGRMetadata.m; sourceTree = "<group>"; };
		857966781CA8298600DB3AAB /* Mantle.xcodeproj */ = {isa = PBXFileReference; lastKnownFileType = "wrapper.pb-project"; path = Mantle.xcodeproj; sourceTree = "<group>"; };
		E3298B881C8C142500D337FB /* MGRBlocksPlaygroundTests.m */ = {isa = PBXFileReference; fileEncoding = 4; lastKnownFileType = sourcecode.c.objc; path = MGRBlocksPlaygroundTests.m; sourceTree = "<group>"; };
		E3298B8C1C8C2A5800D337FB /* EXTADT.h */ = {isa = PBXFileReference; fileEncoding = 4; lastKnownFileType = sourcecode.c.h; path = EXTADT.h; sourceTree = "<group>"; };
		E3298B8D1C8C2A5800D337FB /* EXTADT.m */ = {isa = PBXFileReference; fileEncoding = 4; lastKnownFileType = sourcecode.c.objc; path = EXTADT.m; sourceTree = "<group>"; };
		E3298B8E1C8C2A5800D337FB /* EXTConcreteProtocol.h */ = {isa = PBXFileReference; fileEncoding = 4; lastKnownFileType = sourcecode.c.h; path = EXTConcreteProtocol.h; sourceTree = "<group>"; };
		E3298B8F1C8C2A5800D337FB /* EXTConcreteProtocol.m */ = {isa = PBXFileReference; fileEncoding = 4; lastKnownFileType = sourcecode.c.objc; path = EXTConcreteProtocol.m; sourceTree = "<group>"; };
		E3298B901C8C2A5800D337FB /* EXTCoroutine.h */ = {isa = PBXFileReference; fileEncoding = 4; lastKnownFileType = sourcecode.c.h; path = EXTCoroutine.h; sourceTree = "<group>"; };
		E3298B911C8C2A5800D337FB /* EXTKeyPathCoding.h */ = {isa = PBXFileReference; fileEncoding = 4; lastKnownFileType = sourcecode.c.h; path = EXTKeyPathCoding.h; sourceTree = "<group>"; };
		E3298B921C8C2A5800D337FB /* EXTNil.h */ = {isa = PBXFileReference; fileEncoding = 4; lastKnownFileType = sourcecode.c.h; path = EXTNil.h; sourceTree = "<group>"; };
		E3298B931C8C2A5800D337FB /* EXTNil.m */ = {isa = PBXFileReference; fileEncoding = 4; lastKnownFileType = sourcecode.c.objc; path = EXTNil.m; sourceTree = "<group>"; };
		E3298B941C8C2A5800D337FB /* extobjc.h */ = {isa = PBXFileReference; fileEncoding = 4; lastKnownFileType = sourcecode.c.h; path = extobjc.h; sourceTree = "<group>"; };
		E3298B951C8C2A5800D337FB /* extobjc_Prefix.pch */ = {isa = PBXFileReference; fileEncoding = 4; lastKnownFileType = sourcecode.c.h; path = extobjc_Prefix.pch; sourceTree = "<group>"; };
		E3298B961C8C2A5800D337FB /* EXTRuntimeExtensions.h */ = {isa = PBXFileReference; fileEncoding = 4; lastKnownFileType = sourcecode.c.h; path = EXTRuntimeExtensions.h; sourceTree = "<group>"; };
		E3298B971C8C2A5800D337FB /* EXTRuntimeExtensions.m */ = {isa = PBXFileReference; fileEncoding = 4; lastKnownFileType = sourcecode.c.objc; path = EXTRuntimeExtensions.m; sourceTree = "<group>"; };
		E3298B981C8C2A5800D337FB /* EXTSafeCategory.h */ = {isa = PBXFileReference; fileEncoding = 4; lastKnownFileType = sourcecode.c.h; path = EXTSafeCategory.h; sourceTree = "<group>"; };
		E3298B991C8C2A5800D337FB /* EXTSafeCategory.m */ = {isa = PBXFileReference; fileEncoding = 4; lastKnownFileType = sourcecode.c.objc; path = EXTSafeCategory.m; sourceTree = "<group>"; };
		E3298B9A1C8C2A5800D337FB /* EXTScope.h */ = {isa = PBXFileReference; fileEncoding = 4; lastKnownFileType = sourcecode.c.h; path = EXTScope.h; sourceTree = "<group>"; };
		E3298B9B1C8C2A5800D337FB /* EXTScope.m */ = {isa = PBXFileReference; fileEncoding = 4; lastKnownFileType = sourcecode.c.objc; path = EXTScope.m; sourceTree = "<group>"; };
		E3298B9C1C8C2A5800D337FB /* EXTSelectorChecking.h */ = {isa = PBXFileReference; fileEncoding = 4; lastKnownFileType = sourcecode.c.h; path = EXTSelectorChecking.h; sourceTree = "<group>"; };
		E3298B9D1C8C2A5800D337FB /* EXTSelectorChecking.m */ = {isa = PBXFileReference; fileEncoding = 4; lastKnownFileType = sourcecode.c.objc; path = EXTSelectorChecking.m; sourceTree = "<group>"; };
		E3298B9E1C8C2A5800D337FB /* EXTSynthesize.h */ = {isa = PBXFileReference; fileEncoding = 4; lastKnownFileType = sourcecode.c.h; path = EXTSynthesize.h; sourceTree = "<group>"; };
		E3298B9F1C8C2A5800D337FB /* metamacros.h */ = {isa = PBXFileReference; fileEncoding = 4; lastKnownFileType = sourcecode.c.h; path = metamacros.h; sourceTree = "<group>"; };
		E3298BA01C8C2A5800D337FB /* NSInvocation+EXT.h */ = {isa = PBXFileReference; fileEncoding = 4; lastKnownFileType = sourcecode.c.h; path = "NSInvocation+EXT.h"; sourceTree = "<group>"; };
		E3298BA11C8C2A5800D337FB /* NSInvocation+EXT.m */ = {isa = PBXFileReference; fileEncoding = 4; lastKnownFileType = sourcecode.c.objc; path = "NSInvocation+EXT.m"; sourceTree = "<group>"; };
		E3298BA21C8C2A5800D337FB /* NSMethodSignature+EXT.h */ = {isa = PBXFileReference; fileEncoding = 4; lastKnownFileType = sourcecode.c.h; path = "NSMethodSignature+EXT.h"; sourceTree = "<group>"; };
		E3298BA31C8C2A5800D337FB /* NSMethodSignature+EXT.m */ = {isa = PBXFileReference; fileEncoding = 4; lastKnownFileType = sourcecode.c.objc; path = "NSMethodSignature+EXT.m"; sourceTree = "<group>"; };
		E3298BAD1C8C3B8900D337FB /* MGRNodesManager.h */ = {isa = PBXFileReference; fileEncoding = 4; lastKnownFileType = sourcecode.c.h; path = MGRNodesManager.h; sourceTree = "<group>"; };
		E3298BAE1C8C3B8900D337FB /* MGRNodesManager.m */ = {isa = PBXFileReference; fileEncoding = 4; lastKnownFileType = sourcecode.c.objc; path = MGRNodesManager.m; sourceTree = "<group>"; };
		E3298BB11C8C593100D337FB /* MGRMemoryPlaygroundTests.m */ = {isa = PBXFileReference; fileEncoding = 4; lastKnownFileType = sourcecode.c.objc; path = MGRMemoryPlaygroundTests.m; sourceTree = "<group>"; };
		E3298BB31C8C62CA00D337FB /* large-picture.jpg */ = {isa = PBXFileReference; lastKnownFileType = image.jpeg; path = "large-picture.jpg"; sourceTree = "<group>"; };
		E3298BB61C8C76A500D337FB /* BinarySearchFinder.h */ = {isa = PBXFileReference; fileEncoding = 4; lastKnownFileType = sourcecode.c.h; path = BinarySearchFinder.h; sourceTree = "<group>"; };
		E3298BB71C8C76A500D337FB /* BinarySearchFinder.m */ = {isa = PBXFileReference; fileEncoding = 4; lastKnownFileType = sourcecode.c.objc; path = BinarySearchFinder.m; sourceTree = "<group>"; };
		E3298BCE1C8D704800D337FB /* DynamicMethodObject.h */ = {isa = PBXFileReference; fileEncoding = 4; lastKnownFileType = sourcecode.c.h; path = DynamicMethodObject.h; sourceTree = "<group>"; };
		E3298BCF1C8D704800D337FB /* DynamicMethodObject.m */ = {isa = PBXFileReference; fileEncoding = 4; lastKnownFileType = sourcecode.c.objc; path = DynamicMethodObject.m; sourceTree = "<group>"; };
		E3298BD11C8D720A00D337FB /* MGRMessagePassingPlaygroundTests.m */ = {isa = PBXFileReference; fileEncoding = 4; lastKnownFileType = sourcecode.c.objc; path = MGRMessagePassingPlaygroundTests.m; sourceTree = "<group>"; };
		E3298BD31C8D7B9E00D337FB /* ForwardingObject.h */ = {isa = PBXFileReference; fileEncoding = 4; lastKnownFileType = sourcecode.c.h; path = ForwardingObject.h; sourceTree = "<group>"; };
		E3298BD41C8D7B9E00D337FB /* ForwardingObject.m */ = {isa = PBXFileReference; fileEncoding = 4; lastKnownFileType = sourcecode.c.objc; path = ForwardingObject.m; sourceTree = "<group>"; };
		E3298BD61C8D812400D337FB /* NSString+StringIdentifier.h */ = {isa = PBXFileReference; fileEncoding = 4; lastKnownFileType = sourcecode.c.h; path = "NSString+StringIdentifier.h"; sourceTree = "<group>"; };
		E3298BD71C8D812400D337FB /* NSString+StringIdentifier.m */ = {isa = PBXFileReference; fileEncoding = 4; lastKnownFileType = sourcecode.c.objc; path = "NSString+StringIdentifier.m"; sourceTree = "<group>"; };
		E3298BD91C8D83A100D337FB /* NSString+SwizzleDescription.h */ = {isa = PBXFileReference; fileEncoding = 4; lastKnownFileType = sourcecode.c.h; path = "NSString+SwizzleDescription.h"; sourceTree = "<group>"; };
		E3298BDA1C8D83A100D337FB /* NSString+SwizzleDescription.m */ = {isa = PBXFileReference; fileEncoding = 4; lastKnownFileType = sourcecode.c.objc; path = "NSString+SwizzleDescription.m"; sourceTree = "<group>"; };
		E3298BE01C8DC89400D337FB /* MerryGoRoundPlaygroundTests.xctest */ = {isa = PBXFileReference; explicitFileType = wrapper.cfbundle; includeInIndex = 0; path = MerryGoRoundPlaygroundTests.xctest; sourceTree = BUILT_PRODUCTS_DIR; };
		E3298BE41C8DC89400D337FB /* Info.plist */ = {isa = PBXFileReference; lastKnownFileType = text.plist.xml; path = Info.plist; sourceTree = "<group>"; };
		E3298BF61C8DCEAB00D337FB /* MGRListViewController.h */ = {isa = PBXFileReference; fileEncoding = 4; lastKnownFileType = sourcecode.c.h; path = MGRListViewController.h; sourceTree = "<group>"; };
		E3298BF71C8DCEAB00D337FB /* MGRListViewController.m */ = {isa = PBXFileReference; fileEncoding = 4; lastKnownFileType = sourcecode.c.objc; path = MGRListViewController.m; sourceTree = "<group>"; };
		E3298BF91C8DCF0100D337FB /* MGRSinglePhotoViewController.h */ = {isa = PBXFileReference; fileEncoding = 4; lastKnownFileType = sourcecode.c.h; path = MGRSinglePhotoViewController.h; sourceTree = "<group>"; };
		E3298BFA1C8DCF0100D337FB /* MGRSinglePhotoViewController.m */ = {isa = PBXFileReference; fileEncoding = 4; lastKnownFileType = sourcecode.c.objc; path = MGRSinglePhotoViewController.m; sourceTree = "<group>"; };
		E3298BFC1C8DCF1000D337FB /* MGRAboutViewController.h */ = {isa = PBXFileReference; fileEncoding = 4; lastKnownFileType = sourcecode.c.h; path = MGRAboutViewController.h; sourceTree = "<group>"; };
		E3298BFD1C8DCF1000D337FB /* MGRAboutViewController.m */ = {isa = PBXFileReference; fileEncoding = 4; lastKnownFileType = sourcecode.c.objc; path = MGRAboutViewController.m; sourceTree = "<group>"; };
		E3CD95801C82294C00A01D79 /* MerryGoRound.app */ = {isa = PBXFileReference; explicitFileType = wrapper.application; includeInIndex = 0; path = MerryGoRound.app; sourceTree = BUILT_PRODUCTS_DIR; };
		E3CD95841C82294D00A01D79 /* main.m */ = {isa = PBXFileReference; lastKnownFileType = sourcecode.c.objc; path = main.m; sourceTree = "<group>"; };
		E3CD95861C82294D00A01D79 /* AppDelegate.h */ = {isa = PBXFileReference; lastKnownFileType = sourcecode.c.h; path = AppDelegate.h; sourceTree = "<group>"; };
		E3CD95871C82294D00A01D79 /* AppDelegate.m */ = {isa = PBXFileReference; lastKnownFileType = sourcecode.c.objc; path = AppDelegate.m; sourceTree = "<group>"; };
		E3CD95891C82294D00A01D79 /* MGRLoginViewController.h */ = {isa = PBXFileReference; lastKnownFileType = sourcecode.c.h; path = MGRLoginViewController.h; sourceTree = "<group>"; };
		E3CD958A1C82294D00A01D79 /* MGRLoginViewController.m */ = {isa = PBXFileReference; lastKnownFileType = sourcecode.c.objc; path = MGRLoginViewController.m; sourceTree = "<group>"; };
		E3CD958D1C82294D00A01D79 /* Base */ = {isa = PBXFileReference; lastKnownFileType = file.storyboard; name = Base; path = Base.lproj/Main.storyboard; sourceTree = "<group>"; };
		E3CD958F1C82294D00A01D79 /* Assets.xcassets */ = {isa = PBXFileReference; lastKnownFileType = folder.assetcatalog; path = Assets.xcassets; sourceTree = "<group>"; };
		E3CD95921C82294D00A01D79 /* Base */ = {isa = PBXFileReference; lastKnownFileType = file.storyboard; name = Base; path = Base.lproj/LaunchScreen.storyboard; sourceTree = "<group>"; };
		E3CD95941C82294D00A01D79 /* Info.plist */ = {isa = PBXFileReference; lastKnownFileType = text.plist.xml; path = Info.plist; sourceTree = "<group>"; };
		E3CD95991C82294D00A01D79 /* MerryGoRoundTests.xctest */ = {isa = PBXFileReference; explicitFileType = wrapper.cfbundle; includeInIndex = 0; path = MerryGoRoundTests.xctest; sourceTree = BUILT_PRODUCTS_DIR; };
		E3CD959F1C82294D00A01D79 /* Info.plist */ = {isa = PBXFileReference; lastKnownFileType = text.plist.xml; path = Info.plist; sourceTree = "<group>"; };
		E3CD95A41C82294D00A01D79 /* MerryGoRoundUITests.xctest */ = {isa = PBXFileReference; explicitFileType = wrapper.cfbundle; includeInIndex = 0; path = MerryGoRoundUITests.xctest; sourceTree = BUILT_PRODUCTS_DIR; };
		E3CD95A81C82294D00A01D79 /* MerryGoRoundUITests.m */ = {isa = PBXFileReference; lastKnownFileType = sourcecode.c.objc; path = MerryGoRoundUITests.m; sourceTree = "<group>"; };
		E3CD95AA1C82294D00A01D79 /* Info.plist */ = {isa = PBXFileReference; lastKnownFileType = text.plist.xml; path = Info.plist; sourceTree = "<group>"; };
		E3CD95C41C8232BB00A01D79 /* list_folder.json */ = {isa = PBXFileReference; fileEncoding = 4; lastKnownFileType = text.json; path = list_folder.json; sourceTree = "<group>"; };
		E3CD95C61C8232E200A01D79 /* MGRNodeTests.m */ = {isa = PBXFileReference; fileEncoding = 4; lastKnownFileType = sourcecode.c.objc; path = MGRNodeTests.m; sourceTree = "<group>"; };
		E3CD95C81C82E7AA00A01D79 /* MGRDropboxParser.h */ = {isa = PBXFileReference; fileEncoding = 4; lastKnownFileType = sourcecode.c.h; path = MGRDropboxParser.h; sourceTree = "<group>"; };
		E3CD95C91C82E7AA00A01D79 /* MGRDropboxParser.m */ = {isa = PBXFileReference; fileEncoding = 4; lastKnownFileType = sourcecode.c.objc; path = MGRDropboxParser.m; sourceTree = "<group>"; };
		E3CD95D11C83025700A01D79 /* MGRDropboxParserTests.m */ = {isa = PBXFileReference; fileEncoding = 4; lastKnownFileType = sourcecode.c.objc; path = MGRDropboxParserTests.m; sourceTree = "<group>"; };
		E3CD95D31C8308B600A01D79 /* list_folder2.json */ = {isa = PBXFileReference; fileEncoding = 4; lastKnownFileType = text.json; path = list_folder2.json; sourceTree = "<group>"; };
/* End PBXFileReference section */

/* Begin PBXFrameworksBuildPhase section */
		E3298BDD1C8DC89400D337FB /* Frameworks */ = {
			isa = PBXFrameworksBuildPhase;
			buildActionMask = 2147483647;
			files = (
			);
			runOnlyForDeploymentPostprocessing = 0;
		};
		E3CD957D1C82294C00A01D79 /* Frameworks */ = {
			isa = PBXFrameworksBuildPhase;
			buildActionMask = 2147483647;
			files = (
				8532A9D81CA82AE900019E22 /* Mantle.framework in Frameworks */,
			);
			runOnlyForDeploymentPostprocessing = 0;
		};
		E3CD95961C82294D00A01D79 /* Frameworks */ = {
			isa = PBXFrameworksBuildPhase;
			buildActionMask = 2147483647;
			files = (
			);
			runOnlyForDeploymentPostprocessing = 0;
		};
		E3CD95A11C82294D00A01D79 /* Frameworks */ = {
			isa = PBXFrameworksBuildPhase;
			buildActionMask = 2147483647;
			files = (
			);
			runOnlyForDeploymentPostprocessing = 0;
		};
/* End PBXFrameworksBuildPhase section */

/* Begin PBXGroup section */
		853B89611C9DC2F200417DC5 /* Views */ = {
			isa = PBXGroup;
			children = (
				853B89621C9DC31300417DC5 /* MGRFolderCell.h */,
				853B89631C9DC31300417DC5 /* MGRFolderCell.m */,
				853B89651C9DC32300417DC5 /* MGRPhotoCell.h */,
				853B89661C9DC32300417DC5 /* MGRPhotoCell.m */,
			);
			name = Views;
			sourceTree = "<group>";
		};
		857965CA1CA6DE3100DB3AAB /* gtm-oauth2 */ = {
			isa = PBXGroup;
			children = (
				857965D31CA6E5EF00DB3AAB /* Touch */,
				857965CB1CA6DE5D00DB3AAB /* GTMOAuth2Authentication.h */,
				857965CC1CA6DE5D00DB3AAB /* GTMOAuth2Authentication.m */,
				857965D91CA6E60700DB3AAB /* GTMOAuth2SignIn.h */,
				857965DA1CA6E60700DB3AAB /* GTMOAuth2SignIn.m */,
			);
			name = "gtm-oauth2";
			path = "gtm-oauth2/Source";
			sourceTree = "<group>";
		};
		857965CF1CA6E00D00DB3AAB /* gtm-session-fetcher */ = {
			isa = PBXGroup;
			children = (
				857965D01CA6E03500DB3AAB /* GTMSessionFetcher.h */,
				857965D11CA6E03500DB3AAB /* GTMSessionFetcher.m */,
			);
			name = "gtm-session-fetcher";
			path = "gtm-session-fetcher/Source";
			sourceTree = "<group>";
		};
		857965D31CA6E5EF00DB3AAB /* Touch */ = {
			isa = PBXGroup;
			children = (
				857965D41CA6E5EF00DB3AAB /* GTMOAuth2ViewControllerTouch.h */,
				857965D51CA6E5EF00DB3AAB /* GTMOAuth2ViewControllerTouch.m */,
				857965D61CA6E5EF00DB3AAB /* GTMOAuth2ViewTouch.xib */,
			);
			path = Touch;
			sourceTree = "<group>";
		};
		8579665E1CA8183300DB3AAB /* Dropbox */ = {
			isa = PBXGroup;
			children = (
				857966681CA8197300DB3AAB /* MGRDimensions.h */,
				857966691CA8197300DB3AAB /* MGRDimensions.m */,
				8579666E1CA8205A00DB3AAB /* MGRDropboxParserUtilities.h */,
				8579666F1CA8205A00DB3AAB /* MGRDropboxParserUtilities.m */,
				8579665F1CA8184A00DB3AAB /* MGRFileMetadata.h */,
				857966601CA8184A00DB3AAB /* MGRFileMetadata.m */,
				857966711CA821D900DB3AAB /* MGRFolderMetadata.h */,
				857966721CA821D900DB3AAB /* MGRFolderMetadata.m */,
				8579666B1CA819E000DB3AAB /* MGRGPSCoordinates.h */,
				8579666C1CA819E000DB3AAB /* MGRGPSCoordinates.m */,
				857966621CA8192100DB3AAB /* MGRMediaMetadata.h */,
				857966631CA8192100DB3AAB /* MGRMediaMetadata.m */,
				857966741CA822A900DB3AAB /* MGRMetadata.h */,
				857966751CA822A900DB3AAB /* MGRMetadata.m */,
				857966651CA8195300DB3AAB /* MGRPhotoMetadata.h */,
				857966661CA8195300DB3AAB /* MGRPhotoMetadata.m */,
			);
			name = Dropbox;
			sourceTree = "<group>";
		};
		857966771CA8296C00DB3AAB /* Mantle */ = {
			isa = PBXGroup;
			children = (
				857966781CA8298600DB3AAB /* Mantle.xcodeproj */,
			);
			path = Mantle;
			sourceTree = "<group>";
		};
		857966791CA8298600DB3AAB /* Products */ = {
			isa = PBXGroup;
			children = (
				857966801CA8298600DB3AAB /* Mantle.framework */,
				857966821CA8298600DB3AAB /* Mantle-MacTests.xctest */,
				857966841CA8298600DB3AAB /* Mantle.framework */,
				857966861CA8298600DB3AAB /* Mantle-iOSTests.xctest */,
			);
			name = Products;
			sourceTree = "<group>";
		};
		E3298B8A1C8C2A2A00D337FB /* ThirdParty */ = {
			isa = PBXGroup;
			children = (
				E3298B8B1C8C2A5800D337FB /* extobjc */,
				857965CA1CA6DE3100DB3AAB /* gtm-oauth2 */,
				857965CF1CA6E00D00DB3AAB /* gtm-session-fetcher */,
				857966771CA8296C00DB3AAB /* Mantle */,
			);
			path = ThirdParty;
			sourceTree = "<group>";
		};
		E3298B8B1C8C2A5800D337FB /* extobjc */ = {
			isa = PBXGroup;
			children = (
				E3298B8C1C8C2A5800D337FB /* EXTADT.h */,
				E3298B8D1C8C2A5800D337FB /* EXTADT.m */,
				E3298B8E1C8C2A5800D337FB /* EXTConcreteProtocol.h */,
				E3298B8F1C8C2A5800D337FB /* EXTConcreteProtocol.m */,
				E3298B901C8C2A5800D337FB /* EXTCoroutine.h */,
				E3298B911C8C2A5800D337FB /* EXTKeyPathCoding.h */,
				E3298B921C8C2A5800D337FB /* EXTNil.h */,
				E3298B931C8C2A5800D337FB /* EXTNil.m */,
				E3298B941C8C2A5800D337FB /* extobjc.h */,
				E3298B951C8C2A5800D337FB /* extobjc_Prefix.pch */,
				E3298B961C8C2A5800D337FB /* EXTRuntimeExtensions.h */,
				E3298B971C8C2A5800D337FB /* EXTRuntimeExtensions.m */,
				E3298B981C8C2A5800D337FB /* EXTSafeCategory.h */,
				E3298B991C8C2A5800D337FB /* EXTSafeCategory.m */,
				E3298B9A1C8C2A5800D337FB /* EXTScope.h */,
				E3298B9B1C8C2A5800D337FB /* EXTScope.m */,
				E3298B9C1C8C2A5800D337FB /* EXTSelectorChecking.h */,
				E3298B9D1C8C2A5800D337FB /* EXTSelectorChecking.m */,
				E3298B9E1C8C2A5800D337FB /* EXTSynthesize.h */,
				E3298B9F1C8C2A5800D337FB /* metamacros.h */,
				E3298BA01C8C2A5800D337FB /* NSInvocation+EXT.h */,
				E3298BA11C8C2A5800D337FB /* NSInvocation+EXT.m */,
				E3298BA21C8C2A5800D337FB /* NSMethodSignature+EXT.h */,
				E3298BA31C8C2A5800D337FB /* NSMethodSignature+EXT.m */,
			);
			name = extobjc;
			path = libextobjc/extobjc;
			sourceTree = "<group>";
		};
		E3298BE11C8DC89400D337FB /* MerryGoRoundPlaygroundTests */ = {
			isa = PBXGroup;
			children = (
				E3298BB61C8C76A500D337FB /* BinarySearchFinder.h */,
				E3298BB71C8C76A500D337FB /* BinarySearchFinder.m */,
				E3298BCE1C8D704800D337FB /* DynamicMethodObject.h */,
				E3298BCF1C8D704800D337FB /* DynamicMethodObject.m */,
				E3298BD31C8D7B9E00D337FB /* ForwardingObject.h */,
				E3298BD41C8D7B9E00D337FB /* ForwardingObject.m */,
				E3298BE41C8DC89400D337FB /* Info.plist */,
				E3298BB31C8C62CA00D337FB /* large-picture.jpg */,
				E3298B881C8C142500D337FB /* MGRBlocksPlaygroundTests.m */,
				E3298BB11C8C593100D337FB /* MGRMemoryPlaygroundTests.m */,
				E3298BD11C8D720A00D337FB /* MGRMessagePassingPlaygroundTests.m */,
				E3298BD61C8D812400D337FB /* NSString+StringIdentifier.h */,
				E3298BD71C8D812400D337FB /* NSString+StringIdentifier.m */,
				E3298BD91C8D83A100D337FB /* NSString+SwizzleDescription.h */,
				E3298BDA1C8D83A100D337FB /* NSString+SwizzleDescription.m */,
			);
			path = MerryGoRoundPlaygroundTests;
			sourceTree = "<group>";
		};
		E3298BF51C8DCE7B00D337FB /* View Controllers */ = {
			isa = PBXGroup;
			children = (
				E3298BFC1C8DCF1000D337FB /* MGRAboutViewController.h */,
				E3298BFD1C8DCF1000D337FB /* MGRAboutViewController.m */,
				E3298BF61C8DCEAB00D337FB /* MGRListViewController.h */,
				E3298BF71C8DCEAB00D337FB /* MGRListViewController.m */,
				857966201CA7C8E300DB3AAB /* MGRLoginNavigationControllerDelegate.h */,
				857966211CA7C8E300DB3AAB /* MGRLoginNavigationControllerDelegate.m */,
				E3CD95891C82294D00A01D79 /* MGRLoginViewController.h */,
				E3CD958A1C82294D00A01D79 /* MGRLoginViewController.m */,
				853B89681C9EA69E00417DC5 /* MGRMetadataViewController.h */,
				853B89691C9EA69E00417DC5 /* MGRMetadataViewController.m */,
				E3298BF91C8DCF0100D337FB /* MGRSinglePhotoViewController.h */,
				E3298BFA1C8DCF0100D337FB /* MGRSinglePhotoViewController.m */,
			);
			name = "View Controllers";
			sourceTree = "<group>";
		};
		E3CD95771C82294C00A01D79 = {
			isa = PBXGroup;
			children = (
				E3CD95821C82294D00A01D79 /* MerryGoRound */,
				E3298BE11C8DC89400D337FB /* MerryGoRoundPlaygroundTests */,
				E3CD959C1C82294D00A01D79 /* MerryGoRoundTests */,
				E3CD95A71C82294D00A01D79 /* MerryGoRoundUITests */,
				E3298B8A1C8C2A2A00D337FB /* ThirdParty */,
				E3CD95811C82294D00A01D79 /* Products */,
			);
			sourceTree = "<group>";
		};
		E3CD95811C82294D00A01D79 /* Products */ = {
			isa = PBXGroup;
			children = (
				E3CD95801C82294C00A01D79 /* MerryGoRound.app */,
				E3CD95991C82294D00A01D79 /* MerryGoRoundTests.xctest */,
				E3CD95A41C82294D00A01D79 /* MerryGoRoundUITests.xctest */,
				E3298BE01C8DC89400D337FB /* MerryGoRoundPlaygroundTests.xctest */,
			);
			name = Products;
			sourceTree = "<group>";
		};
		E3CD95821C82294D00A01D79 /* MerryGoRound */ = {
			isa = PBXGroup;
			children = (
				E3CD95B61C822AB900A01D79 /* Model */,
				E3298BF51C8DCE7B00D337FB /* View Controllers */,
				853B89611C9DC2F200417DC5 /* Views */,
				E3CD95861C82294D00A01D79 /* AppDelegate.h */,
				E3CD95871C82294D00A01D79 /* AppDelegate.m */,
				E3CD958C1C82294D00A01D79 /* Main.storyboard */,
				E3CD958F1C82294D00A01D79 /* Assets.xcassets */,
				E3CD95911C82294D00A01D79 /* LaunchScreen.storyboard */,
				E3CD95941C82294D00A01D79 /* Info.plist */,
				E3CD95831C82294D00A01D79 /* Supporting Files */,
			);
			path = MerryGoRound;
			sourceTree = "<group>";
		};
		E3CD95831C82294D00A01D79 /* Supporting Files */ = {
			isa = PBXGroup;
			children = (
				E3CD95841C82294D00A01D79 /* main.m */,
			);
			name = "Supporting Files";
			sourceTree = "<group>";
		};
		E3CD959C1C82294D00A01D79 /* MerryGoRoundTests */ = {
			isa = PBXGroup;
			children = (
				E3CD959F1C82294D00A01D79 /* Info.plist */,
				E3CD95C41C8232BB00A01D79 /* list_folder.json */,
				E3CD95D31C8308B600A01D79 /* list_folder2.json */,
				E3CD95D11C83025700A01D79 /* MGRDropboxParserTests.m */,
				E3CD95C61C8232E200A01D79 /* MGRNodeTests.m */,
			);
			path = MerryGoRoundTests;
			sourceTree = "<group>";
		};
		E3CD95A71C82294D00A01D79 /* MerryGoRoundUITests */ = {
			isa = PBXGroup;
			children = (
				E3CD95A81C82294D00A01D79 /* MerryGoRoundUITests.m */,
				E3CD95AA1C82294D00A01D79 /* Info.plist */,
			);
			path = MerryGoRoundUITests;
			sourceTree = "<group>";
		};
		E3CD95B61C822AB900A01D79 /* Model */ = {
			isa = PBXGroup;
			children = (
				8579665E1CA8183300DB3AAB /* Dropbox */,
				857965C71CA6C3E100DB3AAB /* MGRDropboxClient.h */,
				857965C81CA6C3E100DB3AAB /* MGRDropboxClient.m */,
				E3CD95C81C82E7AA00A01D79 /* MGRDropboxParser.h */,
				E3CD95C91C82E7AA00A01D79 /* MGRDropboxParser.m */,
				857965DC1CA6EDD100DB3AAB /* MGRDropboxSession.h */,
				857965DD1CA6EDD100DB3AAB /* MGRDropboxSession.m */,
				E3298BAD1C8C3B8900D337FB /* MGRNodesManager.h */,
				E3298BAE1C8C3B8900D337FB /* MGRNodesManager.m */,
			);
			name = Model;
			sourceTree = "<group>";
		};
/* End PBXGroup section */

/* Begin PBXNativeTarget section */
		E3298BDF1C8DC89400D337FB /* MerryGoRoundPlaygroundTests */ = {
			isa = PBXNativeTarget;
			buildConfigurationList = E3298BE71C8DC89400D337FB /* Build configuration list for PBXNativeTarget "MerryGoRoundPlaygroundTests" */;
			buildPhases = (
				E3298BDC1C8DC89400D337FB /* Sources */,
				E3298BDD1C8DC89400D337FB /* Frameworks */,
				E3298BDE1C8DC89400D337FB /* Resources */,
			);
			buildRules = (
			);
			dependencies = (
				E3298BE61C8DC89400D337FB /* PBXTargetDependency */,
			);
			name = MerryGoRoundPlaygroundTests;
			productName = MerryGoRoundPlaygroundTests;
			productReference = E3298BE01C8DC89400D337FB /* MerryGoRoundPlaygroundTests.xctest */;
			productType = "com.apple.product-type.bundle.unit-test";
		};
		E3CD957F1C82294C00A01D79 /* MerryGoRound */ = {
			isa = PBXNativeTarget;
			buildConfigurationList = E3CD95AD1C82294D00A01D79 /* Build configuration list for PBXNativeTarget "MerryGoRound" */;
			buildPhases = (
				E3CD957C1C82294C00A01D79 /* Sources */,
				E3CD957D1C82294C00A01D79 /* Frameworks */,
				E3CD957E1C82294C00A01D79 /* Resources */,
			);
			buildRules = (
			);
			dependencies = (
			);
			name = MerryGoRound;
			productName = MerryGoRound;
			productReference = E3CD95801C82294C00A01D79 /* MerryGoRound.app */;
			productType = "com.apple.product-type.application";
		};
		E3CD95981C82294D00A01D79 /* MerryGoRoundTests */ = {
			isa = PBXNativeTarget;
			buildConfigurationList = E3CD95B01C82294D00A01D79 /* Build configuration list for PBXNativeTarget "MerryGoRoundTests" */;
			buildPhases = (
				E3CD95951C82294D00A01D79 /* Sources */,
				E3CD95961C82294D00A01D79 /* Frameworks */,
				E3CD95971C82294D00A01D79 /* Resources */,
			);
			buildRules = (
			);
			dependencies = (
				E3CD959B1C82294D00A01D79 /* PBXTargetDependency */,
			);
			name = MerryGoRoundTests;
			productName = MerryGoRoundTests;
			productReference = E3CD95991C82294D00A01D79 /* MerryGoRoundTests.xctest */;
			productType = "com.apple.product-type.bundle.unit-test";
		};
		E3CD95A31C82294D00A01D79 /* MerryGoRoundUITests */ = {
			isa = PBXNativeTarget;
			buildConfigurationList = E3CD95B31C82294D00A01D79 /* Build configuration list for PBXNativeTarget "MerryGoRoundUITests" */;
			buildPhases = (
				E3CD95A01C82294D00A01D79 /* Sources */,
				E3CD95A11C82294D00A01D79 /* Frameworks */,
				E3CD95A21C82294D00A01D79 /* Resources */,
			);
			buildRules = (
			);
			dependencies = (
				E3CD95A61C82294D00A01D79 /* PBXTargetDependency */,
			);
			name = MerryGoRoundUITests;
			productName = MerryGoRoundUITests;
			productReference = E3CD95A41C82294D00A01D79 /* MerryGoRoundUITests.xctest */;
			productType = "com.apple.product-type.bundle.ui-testing";
		};
/* End PBXNativeTarget section */

/* Begin PBXProject section */
		E3CD95781C82294C00A01D79 /* Project object */ = {
			isa = PBXProject;
			attributes = {
				LastUpgradeCheck = 0720;
				ORGANIZATIONNAME = "Nikolay Morev";
				TargetAttributes = {
					E3298BDF1C8DC89400D337FB = {
						CreatedOnToolsVersion = 7.2.1;
						DevelopmentTeam = Y92UV48RZN;
						TestTargetID = E3CD957F1C82294C00A01D79;
					};
					E3CD957F1C82294C00A01D79 = {
						CreatedOnToolsVersion = 7.2.1;
						DevelopmentTeam = Y92UV48RZN;
					};
					E3CD95981C82294D00A01D79 = {
						CreatedOnToolsVersion = 7.2.1;
						DevelopmentTeam = Y92UV48RZN;
						TestTargetID = E3CD957F1C82294C00A01D79;
					};
					E3CD95A31C82294D00A01D79 = {
						CreatedOnToolsVersion = 7.2.1;
						DevelopmentTeam = Y92UV48RZN;
						TestTargetID = E3CD957F1C82294C00A01D79;
					};
				};
			};
			buildConfigurationList = E3CD957B1C82294C00A01D79 /* Build configuration list for PBXProject "MerryGoRound" */;
			compatibilityVersion = "Xcode 3.2";
			developmentRegion = English;
			hasScannedForEncodings = 0;
			knownRegions = (
				en,
				Base,
			);
			mainGroup = E3CD95771C82294C00A01D79;
			productRefGroup = E3CD95811C82294D00A01D79 /* Products */;
			projectDirPath = "";
			projectReferences = (
				{
					ProductGroup = 857966791CA8298600DB3AAB /* Products */;
					ProjectRef = 857966781CA8298600DB3AAB /* Mantle.xcodeproj */;
				},
			);
			projectRoot = "";
			targets = (
				E3CD957F1C82294C00A01D79 /* MerryGoRound */,
				E3CD95981C82294D00A01D79 /* MerryGoRoundTests */,
				E3CD95A31C82294D00A01D79 /* MerryGoRoundUITests */,
				E3298BDF1C8DC89400D337FB /* MerryGoRoundPlaygroundTests */,
			);
		};
/* End PBXProject section */

/* Begin PBXReferenceProxy section */
		857966801CA8298600DB3AAB /* Mantle.framework */ = {
			isa = PBXReferenceProxy;
			fileType = wrapper.framework;
			path = Mantle.framework;
			remoteRef = 8579667F1CA8298600DB3AAB /* PBXContainerItemProxy */;
			sourceTree = BUILT_PRODUCTS_DIR;
		};
		857966821CA8298600DB3AAB /* Mantle-MacTests.xctest */ = {
			isa = PBXReferenceProxy;
			fileType = wrapper.cfbundle;
			path = "Mantle-MacTests.xctest";
			remoteRef = 857966811CA8298600DB3AAB /* PBXContainerItemProxy */;
			sourceTree = BUILT_PRODUCTS_DIR;
		};
		857966841CA8298600DB3AAB /* Mantle.framework */ = {
			isa = PBXReferenceProxy;
			fileType = wrapper.framework;
			path = Mantle.framework;
			remoteRef = 857966831CA8298600DB3AAB /* PBXContainerItemProxy */;
			sourceTree = BUILT_PRODUCTS_DIR;
		};
		857966861CA8298600DB3AAB /* Mantle-iOSTests.xctest */ = {
			isa = PBXReferenceProxy;
			fileType = wrapper.cfbundle;
			path = "Mantle-iOSTests.xctest";
			remoteRef = 857966851CA8298600DB3AAB /* PBXContainerItemProxy */;
			sourceTree = BUILT_PRODUCTS_DIR;
		};
/* End PBXReferenceProxy section */

/* Begin PBXResourcesBuildPhase section */
		E3298BDE1C8DC89400D337FB /* Resources */ = {
			isa = PBXResourcesBuildPhase;
			buildActionMask = 2147483647;
			files = (
				E3298BF21C8DCA0100D337FB /* large-picture.jpg in Resources */,
				E3298BF31C8DCA0A00D337FB /* list_folder.json in Resources */,
			);
			runOnlyForDeploymentPostprocessing = 0;
		};
		E3CD957E1C82294C00A01D79 /* Resources */ = {
			isa = PBXResourcesBuildPhase;
			buildActionMask = 2147483647;
			files = (
				857965D81CA6E5EF00DB3AAB /* GTMOAuth2ViewTouch.xib in Resources */,
				E3CD95931C82294D00A01D79 /* LaunchScreen.storyboard in Resources */,
				E3CD95901C82294D00A01D79 /* Assets.xcassets in Resources */,
				E3CD958E1C82294D00A01D79 /* Main.storyboard in Resources */,
				E3298BB01C8C3D2A00D337FB /* list_folder.json in Resources */,
			);
			runOnlyForDeploymentPostprocessing = 0;
		};
		E3CD95971C82294D00A01D79 /* Resources */ = {
			isa = PBXResourcesBuildPhase;
			buildActionMask = 2147483647;
			files = (
				E3CD95D41C8308B600A01D79 /* list_folder2.json in Resources */,
				E3CD95C51C8232BB00A01D79 /* list_folder.json in Resources */,
			);
			runOnlyForDeploymentPostprocessing = 0;
		};
		E3CD95A21C82294D00A01D79 /* Resources */ = {
			isa = PBXResourcesBuildPhase;
			buildActionMask = 2147483647;
			files = (
			);
			runOnlyForDeploymentPostprocessing = 0;
		};
/* End PBXResourcesBuildPhase section */

/* Begin PBXSourcesBuildPhase section */
		E3298BDC1C8DC89400D337FB /* Sources */ = {
			isa = PBXSourcesBuildPhase;
			buildActionMask = 2147483647;
			files = (
				E3298BEA1C8DC9F400D337FB /* BinarySearchFinder.m in Sources */,
				E3298BEE1C8DC9F400D337FB /* MGRMemoryPlaygroundTests.m in Sources */,
				E3298BED1C8DC9F400D337FB /* MGRBlocksPlaygroundTests.m in Sources */,
				E3298BEB1C8DC9F400D337FB /* DynamicMethodObject.m in Sources */,
				E3298BEC1C8DC9F400D337FB /* ForwardingObject.m in Sources */,
				E3298BF01C8DC9F400D337FB /* NSString+StringIdentifier.m in Sources */,
				E3298BEF1C8DC9F400D337FB /* MGRMessagePassingPlaygroundTests.m in Sources */,
			);
			runOnlyForDeploymentPostprocessing = 0;
		};
		E3CD957C1C82294C00A01D79 /* Sources */ = {
			isa = PBXSourcesBuildPhase;
			buildActionMask = 2147483647;
			files = (
				E3298BA91C8C2A5800D337FB /* EXTScope.m in Sources */,
				E3CD95CA1C82E7AA00A01D79 /* MGRDropboxParser.m in Sources */,
				E3298BA71C8C2A5800D337FB /* EXTRuntimeExtensions.m in Sources */,
				857965D21CA6E03500DB3AAB /* GTMSessionFetcher.m in Sources */,
				857965CD1CA6DE5D00DB3AAB /* GTMOAuth2Authentication.m in Sources */,
				E3298BA41C8C2A5800D337FB /* EXTADT.m in Sources */,
				853B89641C9DC31300417DC5 /* MGRFolderCell.m in Sources */,
				857965DB1CA6E60700DB3AAB /* GTMOAuth2SignIn.m in Sources */,
				E3CD958B1C82294D00A01D79 /* MGRLoginViewController.m in Sources */,
				853B89671C9DC32300417DC5 /* MGRPhotoCell.m in Sources */,
				E3298BA51C8C2A5800D337FB /* EXTConcreteProtocol.m in Sources */,
				E3298BF81C8DCEAB00D337FB /* MGRListViewController.m in Sources */,
				E3298BFB1C8DCF0100D337FB /* MGRSinglePhotoViewController.m in Sources */,
				857966641CA8192100DB3AAB /* MGRMediaMetadata.m in Sources */,
				E3298BA81C8C2A5800D337FB /* EXTSafeCategory.m in Sources */,
				857966221CA7C8E300DB3AAB /* MGRLoginNavigationControllerDelegate.m in Sources */,
				E3298BAF1C8C3B8900D337FB /* MGRNodesManager.m in Sources */,
				857966731CA821D900DB3AAB /* MGRFolderMetadata.m in Sources */,
				853B896A1C9EA69E00417DC5 /* MGRMetadataViewController.m in Sources */,
				857965C91CA6C3E100DB3AAB /* MGRDropboxClient.m in Sources */,
				E3298BFE1C8DCF1000D337FB /* MGRAboutViewController.m in Sources */,
				E3CD95881C82294D00A01D79 /* AppDelegate.m in Sources */,
				E3298BAC1C8C2A5800D337FB /* NSMethodSignature+EXT.m in Sources */,
				857966611CA8184A00DB3AAB /* MGRFileMetadata.m in Sources */,
				857965DE1CA6EDD100DB3AAB /* MGRDropboxSession.m in Sources */,
				8579666D1CA819E000DB3AAB /* MGRGPSCoordinates.m in Sources */,
				857966761CA822A900DB3AAB /* MGRMetadata.m in Sources */,
				857966701CA8205A00DB3AAB /* MGRDropboxParserUtilities.m in Sources */,
				857966671CA8195300DB3AAB /* MGRPhotoMetadata.m in Sources */,
				857965D71CA6E5EF00DB3AAB /* GTMOAuth2ViewControllerTouch.m in Sources */,
				E3CD95851C82294D00A01D79 /* main.m in Sources */,
				E3298BAA1C8C2A5800D337FB /* EXTSelectorChecking.m in Sources */,
				E3298BA61C8C2A5800D337FB /* EXTNil.m in Sources */,
				E3298BAB1C8C2A5800D337FB /* NSInvocation+EXT.m in Sources */,
				8579666A1CA8197300DB3AAB /* MGRDimensions.m in Sources */,
			);
			runOnlyForDeploymentPostprocessing = 0;
		};
		E3CD95951C82294D00A01D79 /* Sources */ = {
			isa = PBXSourcesBuildPhase;
			buildActionMask = 2147483647;
			files = (
				E3CD95D21C83025700A01D79 /* MGRDropboxParserTests.m in Sources */,
				E3CD95C71C8232E200A01D79 /* MGRNodeTests.m in Sources */,
			);
			runOnlyForDeploymentPostprocessing = 0;
		};
		E3CD95A01C82294D00A01D79 /* Sources */ = {
			isa = PBXSourcesBuildPhase;
			buildActionMask = 2147483647;
			files = (
				E3CD95A91C82294D00A01D79 /* MerryGoRoundUITests.m in Sources */,
			);
			runOnlyForDeploymentPostprocessing = 0;
		};
/* End PBXSourcesBuildPhase section */

/* Begin PBXTargetDependency section */
		E3298BE61C8DC89400D337FB /* PBXTargetDependency */ = {
			isa = PBXTargetDependency;
			target = E3CD957F1C82294C00A01D79 /* MerryGoRound */;
			targetProxy = E3298BE51C8DC89400D337FB /* PBXContainerItemProxy */;
		};
		E3CD959B1C82294D00A01D79 /* PBXTargetDependency */ = {
			isa = PBXTargetDependency;
			target = E3CD957F1C82294C00A01D79 /* MerryGoRound */;
			targetProxy = E3CD959A1C82294D00A01D79 /* PBXContainerItemProxy */;
		};
		E3CD95A61C82294D00A01D79 /* PBXTargetDependency */ = {
			isa = PBXTargetDependency;
			target = E3CD957F1C82294C00A01D79 /* MerryGoRound */;
			targetProxy = E3CD95A51C82294D00A01D79 /* PBXContainerItemProxy */;
		};
/* End PBXTargetDependency section */

/* Begin PBXVariantGroup section */
		E3CD958C1C82294D00A01D79 /* Main.storyboard */ = {
			isa = PBXVariantGroup;
			children = (
				E3CD958D1C82294D00A01D79 /* Base */,
			);
			name = Main.storyboard;
			sourceTree = "<group>";
		};
		E3CD95911C82294D00A01D79 /* LaunchScreen.storyboard */ = {
			isa = PBXVariantGroup;
			children = (
				E3CD95921C82294D00A01D79 /* Base */,
			);
			name = LaunchScreen.storyboard;
			sourceTree = "<group>";
		};
/* End PBXVariantGroup section */

/* Begin XCBuildConfiguration section */
		E3298BE81C8DC89400D337FB /* Debug */ = {
			isa = XCBuildConfiguration;
			buildSettings = {
				BUNDLE_LOADER = "$(TEST_HOST)";
				INFOPLIST_FILE = MerryGoRoundPlaygroundTests/Info.plist;
				LD_RUNPATH_SEARCH_PATHS = "$(inherited) @executable_path/Frameworks @loader_path/Frameworks";
				PRODUCT_BUNDLE_IDENTIFIER = ru.mail.track.MerryGoRoundPlaygroundTests;
				PRODUCT_NAME = "$(TARGET_NAME)";
				TEST_HOST = "$(BUILT_PRODUCTS_DIR)/MerryGoRound.app/MerryGoRound";
			};
			name = Debug;
		};
		E3298BE91C8DC89400D337FB /* Release */ = {
			isa = XCBuildConfiguration;
			buildSettings = {
				BUNDLE_LOADER = "$(TEST_HOST)";
				INFOPLIST_FILE = MerryGoRoundPlaygroundTests/Info.plist;
				LD_RUNPATH_SEARCH_PATHS = "$(inherited) @executable_path/Frameworks @loader_path/Frameworks";
				PRODUCT_BUNDLE_IDENTIFIER = ru.mail.track.MerryGoRoundPlaygroundTests;
				PRODUCT_NAME = "$(TARGET_NAME)";
				TEST_HOST = "$(BUILT_PRODUCTS_DIR)/MerryGoRound.app/MerryGoRound";
			};
			name = Release;
		};
		E3CD95AB1C82294D00A01D79 /* Debug */ = {
			isa = XCBuildConfiguration;
			buildSettings = {
				ALWAYS_SEARCH_USER_PATHS = NO;
				CLANG_CXX_LANGUAGE_STANDARD = "gnu++0x";
				CLANG_CXX_LIBRARY = "libc++";
				CLANG_ENABLE_MODULES = YES;
				CLANG_ENABLE_OBJC_ARC = YES;
				CLANG_WARN_BOOL_CONVERSION = YES;
				CLANG_WARN_CONSTANT_CONVERSION = YES;
				CLANG_WARN_DIRECT_OBJC_ISA_USAGE = YES_ERROR;
				CLANG_WARN_EMPTY_BODY = YES;
				CLANG_WARN_ENUM_CONVERSION = YES;
				CLANG_WARN_INT_CONVERSION = YES;
				CLANG_WARN_OBJC_ROOT_CLASS = YES_ERROR;
				CLANG_WARN_UNREACHABLE_CODE = YES;
				CLANG_WARN__DUPLICATE_METHOD_MATCH = YES;
				"CODE_SIGN_IDENTITY[sdk=iphoneos*]" = "iPhone Developer";
				COPY_PHASE_STRIP = NO;
				DEBUG_INFORMATION_FORMAT = dwarf;
				ENABLE_STRICT_OBJC_MSGSEND = YES;
				ENABLE_TESTABILITY = YES;
				GCC_C_LANGUAGE_STANDARD = gnu99;
				GCC_DYNAMIC_NO_PIC = NO;
				GCC_NO_COMMON_BLOCKS = YES;
				GCC_OPTIMIZATION_LEVEL = 0;
				GCC_PREPROCESSOR_DEFINITIONS = (
					"DEBUG=1",
					"$(inherited)",
				);
				GCC_WARN_64_TO_32_BIT_CONVERSION = YES;
				GCC_WARN_ABOUT_RETURN_TYPE = YES_ERROR;
				GCC_WARN_UNDECLARED_SELECTOR = YES;
				GCC_WARN_UNINITIALIZED_AUTOS = YES_AGGRESSIVE;
				GCC_WARN_UNUSED_FUNCTION = YES;
				GCC_WARN_UNUSED_VARIABLE = YES;
				IPHONEOS_DEPLOYMENT_TARGET = 9.2;
				MTL_ENABLE_DEBUG_INFO = YES;
				ONLY_ACTIVE_ARCH = YES;
				SDKROOT = iphoneos;
				TARGETED_DEVICE_FAMILY = "1,2";
			};
			name = Debug;
		};
		E3CD95AC1C82294D00A01D79 /* Release */ = {
			isa = XCBuildConfiguration;
			buildSettings = {
				ALWAYS_SEARCH_USER_PATHS = NO;
				CLANG_CXX_LANGUAGE_STANDARD = "gnu++0x";
				CLANG_CXX_LIBRARY = "libc++";
				CLANG_ENABLE_MODULES = YES;
				CLANG_ENABLE_OBJC_ARC = YES;
				CLANG_WARN_BOOL_CONVERSION = YES;
				CLANG_WARN_CONSTANT_CONVERSION = YES;
				CLANG_WARN_DIRECT_OBJC_ISA_USAGE = YES_ERROR;
				CLANG_WARN_EMPTY_BODY = YES;
				CLANG_WARN_ENUM_CONVERSION = YES;
				CLANG_WARN_INT_CONVERSION = YES;
				CLANG_WARN_OBJC_ROOT_CLASS = YES_ERROR;
				CLANG_WARN_UNREACHABLE_CODE = YES;
				CLANG_WARN__DUPLICATE_METHOD_MATCH = YES;
				"CODE_SIGN_IDENTITY[sdk=iphoneos*]" = "iPhone Developer";
				COPY_PHASE_STRIP = NO;
				DEBUG_INFORMATION_FORMAT = "dwarf-with-dsym";
				ENABLE_NS_ASSERTIONS = NO;
				ENABLE_STRICT_OBJC_MSGSEND = YES;
				GCC_C_LANGUAGE_STANDARD = gnu99;
				GCC_NO_COMMON_BLOCKS = YES;
				GCC_WARN_64_TO_32_BIT_CONVERSION = YES;
				GCC_WARN_ABOUT_RETURN_TYPE = YES_ERROR;
				GCC_WARN_UNDECLARED_SELECTOR = YES;
				GCC_WARN_UNINITIALIZED_AUTOS = YES_AGGRESSIVE;
				GCC_WARN_UNUSED_FUNCTION = YES;
				GCC_WARN_UNUSED_VARIABLE = YES;
				IPHONEOS_DEPLOYMENT_TARGET = 9.2;
				MTL_ENABLE_DEBUG_INFO = NO;
				SDKROOT = iphoneos;
				TARGETED_DEVICE_FAMILY = "1,2";
				VALIDATE_PRODUCT = YES;
			};
			name = Release;
		};
		E3CD95AE1C82294D00A01D79 /* Debug */ = {
			isa = XCBuildConfiguration;
			buildSettings = {
				ASSETCATALOG_COMPILER_APPICON_NAME = AppIcon;
				FRAMEWORK_SEARCH_PATHS = "$(inherited)";
				INFOPLIST_FILE = MerryGoRound/Info.plist;
				LD_RUNPATH_SEARCH_PATHS = "$(inherited) @executable_path/Frameworks";
				PRODUCT_BUNDLE_IDENTIFIER = ru.mail.track.MerryGoRound;
				PRODUCT_NAME = "$(TARGET_NAME)";
			};
			name = Debug;
		};
		E3CD95AF1C82294D00A01D79 /* Release */ = {
			isa = XCBuildConfiguration;
			buildSettings = {
				ASSETCATALOG_COMPILER_APPICON_NAME = AppIcon;
				FRAMEWORK_SEARCH_PATHS = "$(inherited)";
				INFOPLIST_FILE = MerryGoRound/Info.plist;
				LD_RUNPATH_SEARCH_PATHS = "$(inherited) @executable_path/Frameworks";
				PRODUCT_BUNDLE_IDENTIFIER = ru.mail.track.MerryGoRound;
				PRODUCT_NAME = "$(TARGET_NAME)";
			};
			name = Release;
		};
		E3CD95B11C82294D00A01D79 /* Debug */ = {
			isa = XCBuildConfiguration;
			buildSettings = {
				BUNDLE_LOADER = "$(TEST_HOST)";
				INFOPLIST_FILE = MerryGoRoundTests/Info.plist;
				LD_RUNPATH_SEARCH_PATHS = "$(inherited) @executable_path/Frameworks @loader_path/Frameworks";
				PRODUCT_BUNDLE_IDENTIFIER = ru.mail.track.MerryGoRoundTests;
				PRODUCT_NAME = "$(TARGET_NAME)";
				TEST_HOST = "$(BUILT_PRODUCTS_DIR)/MerryGoRound.app/MerryGoRound";
			};
			name = Debug;
		};
		E3CD95B21C82294D00A01D79 /* Release */ = {
			isa = XCBuildConfiguration;
			buildSettings = {
				BUNDLE_LOADER = "$(TEST_HOST)";
				INFOPLIST_FILE = MerryGoRoundTests/Info.plist;
				LD_RUNPATH_SEARCH_PATHS = "$(inherited) @executable_path/Frameworks @loader_path/Frameworks";
				PRODUCT_BUNDLE_IDENTIFIER = ru.mail.track.MerryGoRoundTests;
				PRODUCT_NAME = "$(TARGET_NAME)";
				TEST_HOST = "$(BUILT_PRODUCTS_DIR)/MerryGoRound.app/MerryGoRound";
			};
			name = Release;
		};
		E3CD95B41C82294D00A01D79 /* Debug */ = {
			isa = XCBuildConfiguration;
			buildSettings = {
				INFOPLIST_FILE = MerryGoRoundUITests/Info.plist;
				LD_RUNPATH_SEARCH_PATHS = "$(inherited) @executable_path/Frameworks @loader_path/Frameworks";
				PRODUCT_BUNDLE_IDENTIFIER = ru.mail.track.MerryGoRoundUITests;
				PRODUCT_NAME = "$(TARGET_NAME)";
				TEST_TARGET_NAME = MerryGoRound;
				USES_XCTRUNNER = YES;
			};
			name = Debug;
		};
		E3CD95B51C82294D00A01D79 /* Release */ = {
			isa = XCBuildConfiguration;
			buildSettings = {
				INFOPLIST_FILE = MerryGoRoundUITests/Info.plist;
				LD_RUNPATH_SEARCH_PATHS = "$(inherited) @executable_path/Frameworks @loader_path/Frameworks";
				PRODUCT_BUNDLE_IDENTIFIER = ru.mail.track.MerryGoRoundUITests;
				PRODUCT_NAME = "$(TARGET_NAME)";
				TEST_TARGET_NAME = MerryGoRound;
				USES_XCTRUNNER = YES;
			};
			name = Release;
		};
/* End XCBuildConfiguration section */

/* Begin XCConfigurationList section */
		E3298BE71C8DC89400D337FB /* Build configuration list for PBXNativeTarget "MerryGoRoundPlaygroundTests" */ = {
			isa = XCConfigurationList;
			buildConfigurations = (
				E3298BE81C8DC89400D337FB /* Debug */,
				E3298BE91C8DC89400D337FB /* Release */,
			);
			defaultConfigurationIsVisible = 0;
			defaultConfigurationName = Release;
		};
		E3CD957B1C82294C00A01D79 /* Build configuration list for PBXProject "MerryGoRound" */ = {
			isa = XCConfigurationList;
			buildConfigurations = (
				E3CD95AB1C82294D00A01D79 /* Debug */,
				E3CD95AC1C82294D00A01D79 /* Release */,
			);
			defaultConfigurationIsVisible = 0;
			defaultConfigurationName = Release;
		};
		E3CD95AD1C82294D00A01D79 /* Build configuration list for PBXNativeTarget "MerryGoRound" */ = {
			isa = XCConfigurationList;
			buildConfigurations = (
				E3CD95AE1C82294D00A01D79 /* Debug */,
				E3CD95AF1C82294D00A01D79 /* Release */,
			);
			defaultConfigurationIsVisible = 0;
			defaultConfigurationName = Release;
		};
		E3CD95B01C82294D00A01D79 /* Build configuration list for PBXNativeTarget "MerryGoRoundTests" */ = {
			isa = XCConfigurationList;
			buildConfigurations = (
				E3CD95B11C82294D00A01D79 /* Debug */,
				E3CD95B21C82294D00A01D79 /* Release */,
			);
			defaultConfigurationIsVisible = 0;
			defaultConfigurationName = Release;
		};
		E3CD95B31C82294D00A01D79 /* Build configuration list for PBXNativeTarget "MerryGoRoundUITests" */ = {
			isa = XCConfigurationList;
			buildConfigurations = (
				E3CD95B41C82294D00A01D79 /* Debug */,
				E3CD95B51C82294D00A01D79 /* Release */,
			);
			defaultConfigurationIsVisible = 0;
			defaultConfigurationName = Release;
		};
/* End XCConfigurationList section */
	};
	rootObject = E3CD95781C82294C00A01D79 /* Project object */;
}
